// !$*UTF8*$!
{
	archiveVersion = 1;
	classes = {
	};
	objectVersion = 56;
	objects = {

/* Begin PBXBuildFile section */
		3D0645782BDF239900EF9AA3 /* LandmarksApp.swift in Sources */ = {isa = PBXBuildFile; fileRef = 3D0645772BDF239900EF9AA3 /* LandmarksApp.swift */; };
		3D06457A2BDF239900EF9AA3 /* ContentView.swift in Sources */ = {isa = PBXBuildFile; fileRef = 3D0645792BDF239900EF9AA3 /* ContentView.swift */; };
		3D06457C2BDF239C00EF9AA3 /* Assets.xcassets in Resources */ = {isa = PBXBuildFile; fileRef = 3D06457B2BDF239C00EF9AA3 /* Assets.xcassets */; };
		3D06457F2BDF239C00EF9AA3 /* Preview Assets.xcassets in Resources */ = {isa = PBXBuildFile; fileRef = 3D06457E2BDF239C00EF9AA3 /* Preview Assets.xcassets */; };
		3D0645862BDF288E00EF9AA3 /* CircleImage.swift in Sources */ = {isa = PBXBuildFile; fileRef = 3D0645852BDF288E00EF9AA3 /* CircleImage.swift */; };
		3D0645882BDF2A1000EF9AA3 /* MapView.swift in Sources */ = {isa = PBXBuildFile; fileRef = 3D0645872BDF2A1000EF9AA3 /* MapView.swift */; };
		3D06458C2BDF320F00EF9AA3 /* landmarkData.json in Resources */ = {isa = PBXBuildFile; fileRef = 3D06458B2BDF320F00EF9AA3 /* landmarkData.json */; };
		3D06458E2BDF324400EF9AA3 /* Landmark.swift in Sources */ = {isa = PBXBuildFile; fileRef = 3D06458D2BDF324400EF9AA3 /* Landmark.swift */; };
		3D0645902BDF344500EF9AA3 /* ModelData.swift in Sources */ = {isa = PBXBuildFile; fileRef = 3D06458F2BDF344500EF9AA3 /* ModelData.swift */; };
		3D0645952BDF36FB00EF9AA3 /* LandmarkRow.swift in Sources */ = {isa = PBXBuildFile; fileRef = 3D0645942BDF36FB00EF9AA3 /* LandmarkRow.swift */; };
		3D0645972BDF3B3900EF9AA3 /* LandmarkList.swift in Sources */ = {isa = PBXBuildFile; fileRef = 3D0645962BDF3B3900EF9AA3 /* LandmarkList.swift */; };
		3D0645992BE074B700EF9AA3 /* LandmarkDetail.swift in Sources */ = {isa = PBXBuildFile; fileRef = 3D0645982BE074B700EF9AA3 /* LandmarkDetail.swift */; };
/* End PBXBuildFile section */

/* Begin PBXFileReference section */
		3D0645742BDF239900EF9AA3 /* Landmarks.app */ = {isa = PBXFileReference; explicitFileType = wrapper.application; includeInIndex = 0; path = Landmarks.app; sourceTree = BUILT_PRODUCTS_DIR; };
		3D0645772BDF239900EF9AA3 /* LandmarksApp.swift */ = {isa = PBXFileReference; lastKnownFileType = sourcecode.swift; path = LandmarksApp.swift; sourceTree = "<group>"; };
		3D0645792BDF239900EF9AA3 /* ContentView.swift */ = {isa = PBXFileReference; lastKnownFileType = sourcecode.swift; path = ContentView.swift; sourceTree = "<group>"; };
		3D06457B2BDF239C00EF9AA3 /* Assets.xcassets */ = {isa = PBXFileReference; lastKnownFileType = folder.assetcatalog; path = Assets.xcassets; sourceTree = "<group>"; };
		3D06457E2BDF239C00EF9AA3 /* Preview Assets.xcassets */ = {isa = PBXFileReference; lastKnownFileType = folder.assetcatalog; path = "Preview Assets.xcassets"; sourceTree = "<group>"; };
		3D0645852BDF288E00EF9AA3 /* CircleImage.swift */ = {isa = PBXFileReference; lastKnownFileType = sourcecode.swift; path = CircleImage.swift; sourceTree = "<group>"; };
		3D0645872BDF2A1000EF9AA3 /* MapView.swift */ = {isa = PBXFileReference; lastKnownFileType = sourcecode.swift; path = MapView.swift; sourceTree = "<group>"; };
		3D06458B2BDF320F00EF9AA3 /* landmarkData.json */ = {isa = PBXFileReference; fileEncoding = 4; lastKnownFileType = text.json; path = landmarkData.json; sourceTree = "<group>"; };
		3D06458D2BDF324400EF9AA3 /* Landmark.swift */ = {isa = PBXFileReference; lastKnownFileType = sourcecode.swift; path = Landmark.swift; sourceTree = "<group>"; };
		3D06458F2BDF344500EF9AA3 /* ModelData.swift */ = {isa = PBXFileReference; lastKnownFileType = sourcecode.swift; path = ModelData.swift; sourceTree = "<group>"; };
		3D0645942BDF36FB00EF9AA3 /* LandmarkRow.swift */ = {isa = PBXFileReference; lastKnownFileType = sourcecode.swift; path = LandmarkRow.swift; sourceTree = "<group>"; };
		3D0645962BDF3B3900EF9AA3 /* LandmarkList.swift */ = {isa = PBXFileReference; lastKnownFileType = sourcecode.swift; path = LandmarkList.swift; sourceTree = "<group>"; };
		3D0645982BE074B700EF9AA3 /* LandmarkDetail.swift */ = {isa = PBXFileReference; lastKnownFileType = sourcecode.swift; path = LandmarkDetail.swift; sourceTree = "<group>"; };
/* End PBXFileReference section */

/* Begin PBXFrameworksBuildPhase section */
		3D0645712BDF239900EF9AA3 /* Frameworks */ = {
			isa = PBXFrameworksBuildPhase;
			buildActionMask = 2147483647;
			files = (
			);
			runOnlyForDeploymentPostprocessing = 0;
		};
/* End PBXFrameworksBuildPhase section */

/* Begin PBXGroup section */
		3D06456B2BDF239900EF9AA3 = {
			isa = PBXGroup;
			children = (
				3D0645762BDF239900EF9AA3 /* Landmarks */,
				3D0645752BDF239900EF9AA3 /* Products */,
			);
			sourceTree = "<group>";
		};
		3D0645752BDF239900EF9AA3 /* Products */ = {
			isa = PBXGroup;
			children = (
				3D0645742BDF239900EF9AA3 /* Landmarks.app */,
			);
			name = Products;
			sourceTree = "<group>";
		};
		3D0645762BDF239900EF9AA3 /* Landmarks */ = {
			isa = PBXGroup;
			children = (
				3D0645772BDF239900EF9AA3 /* LandmarksApp.swift */,
				3D0645912BDF35E500EF9AA3 /* Views */,
				3D0645922BDF35F500EF9AA3 /* Model */,
				3D0645932BDF360C00EF9AA3 /* Resources */,
				3D06457B2BDF239C00EF9AA3 /* Assets.xcassets */,
				3D06457D2BDF239C00EF9AA3 /* Preview Content */,
			);
			path = Landmarks;
			sourceTree = "<group>";
		};
		3D06457D2BDF239C00EF9AA3 /* Preview Content */ = {
			isa = PBXGroup;
			children = (
				3D06457E2BDF239C00EF9AA3 /* Preview Assets.xcassets */,
			);
			path = "Preview Content";
			sourceTree = "<group>";
		};
		3D0645912BDF35E500EF9AA3 /* Views */ = {
			isa = PBXGroup;
			children = (
				3D0645792BDF239900EF9AA3 /* ContentView.swift */,
				3D0645852BDF288E00EF9AA3 /* CircleImage.swift */,
				3D0645872BDF2A1000EF9AA3 /* MapView.swift */,
				3D0645942BDF36FB00EF9AA3 /* LandmarkRow.swift */,
				3D0645982BE074B700EF9AA3 /* LandmarkDetail.swift */,
				3D0645962BDF3B3900EF9AA3 /* LandmarkList.swift */,
			);
			path = Views;
			sourceTree = "<group>";
		};
		3D0645922BDF35F500EF9AA3 /* Model */ = {
			isa = PBXGroup;
			children = (
				3D06458D2BDF324400EF9AA3 /* Landmark.swift */,
				3D06458F2BDF344500EF9AA3 /* ModelData.swift */,
			);
			path = Model;
			sourceTree = "<group>";
		};
		3D0645932BDF360C00EF9AA3 /* Resources */ = {
			isa = PBXGroup;
			children = (
				3D06458B2BDF320F00EF9AA3 /* landmarkData.json */,
			);
			path = Resources;
			sourceTree = "<group>";
		};
/* End PBXGroup section */

/* Begin PBXNativeTarget section */
		3D0645732BDF239900EF9AA3 /* Landmarks */ = {
			isa = PBXNativeTarget;
			buildConfigurationList = 3D0645822BDF239C00EF9AA3 /* Build configuration list for PBXNativeTarget "Landmarks" */;
			buildPhases = (
				3D0645702BDF239900EF9AA3 /* Sources */,
				3D0645712BDF239900EF9AA3 /* Frameworks */,
				3D0645722BDF239900EF9AA3 /* Resources */,
			);
			buildRules = (
			);
			dependencies = (
			);
			name = Landmarks;
			productName = Landmarks;
			productReference = 3D0645742BDF239900EF9AA3 /* Landmarks.app */;
			productType = "com.apple.product-type.application";
		};
/* End PBXNativeTarget section */

/* Begin PBXProject section */
		3D06456C2BDF239900EF9AA3 /* Project object */ = {
			isa = PBXProject;
			attributes = {
				BuildIndependentTargetsInParallel = 1;
				LastSwiftUpdateCheck = 1500;
				LastUpgradeCheck = 1500;
				TargetAttributes = {
					3D0645732BDF239900EF9AA3 = {
						CreatedOnToolsVersion = 15.0;
					};
				};
			};
			buildConfigurationList = 3D06456F2BDF239900EF9AA3 /* Build configuration list for PBXProject "Landmarks" */;
			compatibilityVersion = "Xcode 14.0";
			developmentRegion = en;
			hasScannedForEncodings = 0;
			knownRegions = (
				en,
				Base,
			);
			mainGroup = 3D06456B2BDF239900EF9AA3;
			productRefGroup = 3D0645752BDF239900EF9AA3 /* Products */;
			projectDirPath = "";
			projectRoot = "";
			targets = (
				3D0645732BDF239900EF9AA3 /* Landmarks */,
			);
		};
/* End PBXProject section */

/* Begin PBXResourcesBuildPhase section */
		3D0645722BDF239900EF9AA3 /* Resources */ = {
			isa = PBXResourcesBuildPhase;
			buildActionMask = 2147483647;
			files = (
				3D06457F2BDF239C00EF9AA3 /* Preview Assets.xcassets in Resources */,
				3D06457C2BDF239C00EF9AA3 /* Assets.xcassets in Resources */,
				3D06458C2BDF320F00EF9AA3 /* landmarkData.json in Resources */,
			);
			runOnlyForDeploymentPostprocessing = 0;
		};
/* End PBXResourcesBuildPhase section */

/* Begin PBXSourcesBuildPhase section */
		3D0645702BDF239900EF9AA3 /* Sources */ = {
			isa = PBXSourcesBuildPhase;
			buildActionMask = 2147483647;
			files = (
				3D06457A2BDF239900EF9AA3 /* ContentView.swift in Sources */,
				3D0645882BDF2A1000EF9AA3 /* MapView.swift in Sources */,
				3D0645782BDF239900EF9AA3 /* LandmarksApp.swift in Sources */,
				3D0645972BDF3B3900EF9AA3 /* LandmarkList.swift in Sources */,
				3D0645992BE074B700EF9AA3 /* LandmarkDetail.swift in Sources */,
				3D0645862BDF288E00EF9AA3 /* CircleImage.swift in Sources */,
				3D06458E2BDF324400EF9AA3 /* Landmark.swift in Sources */,
				3D0645952BDF36FB00EF9AA3 /* LandmarkRow.swift in Sources */,
				3D0645902BDF344500EF9AA3 /* ModelData.swift in Sources */,
			);
			runOnlyForDeploymentPostprocessing = 0;
		};
/* End PBXSourcesBuildPhase section */

/* Begin XCBuildConfiguration section */
		3D0645802BDF239C00EF9AA3 /* Debug */ = {
			isa = XCBuildConfiguration;
			buildSettings = {
				ALWAYS_SEARCH_USER_PATHS = NO;
				ASSETCATALOG_COMPILER_GENERATE_SWIFT_ASSET_SYMBOL_EXTENSIONS = YES;
				CLANG_ANALYZER_NONNULL = YES;
				CLANG_ANALYZER_NUMBER_OBJECT_CONVERSION = YES_AGGRESSIVE;
				CLANG_CXX_LANGUAGE_STANDARD = "gnu++20";
				CLANG_ENABLE_MODULES = YES;
				CLANG_ENABLE_OBJC_ARC = YES;
				CLANG_ENABLE_OBJC_WEAK = YES;
				CLANG_WARN_BLOCK_CAPTURE_AUTORELEASING = YES;
				CLANG_WARN_BOOL_CONVERSION = YES;
				CLANG_WARN_COMMA = YES;
				CLANG_WARN_CONSTANT_CONVERSION = YES;
				CLANG_WARN_DEPRECATED_OBJC_IMPLEMENTATIONS = YES;
				CLANG_WARN_DIRECT_OBJC_ISA_USAGE = YES_ERROR;
				CLANG_WARN_DOCUMENTATION_COMMENTS = YES;
				CLANG_WARN_EMPTY_BODY = YES;
				CLANG_WARN_ENUM_CONVERSION = YES;
				CLANG_WARN_INFINITE_RECURSION = YES;
				CLANG_WARN_INT_CONVERSION = YES;
				CLANG_WARN_NON_LITERAL_NULL_CONVERSION = YES;
				CLANG_WARN_OBJC_IMPLICIT_RETAIN_SELF = YES;
				CLANG_WARN_OBJC_LITERAL_CONVERSION = YES;
				CLANG_WARN_OBJC_ROOT_CLASS = YES_ERROR;
				CLANG_WARN_QUOTED_INCLUDE_IN_FRAMEWORK_HEADER = YES;
				CLANG_WARN_RANGE_LOOP_ANALYSIS = YES;
				CLANG_WARN_STRICT_PROTOTYPES = YES;
				CLANG_WARN_SUSPICIOUS_MOVE = YES;
				CLANG_WARN_UNGUARDED_AVAILABILITY = YES_AGGRESSIVE;
				CLANG_WARN_UNREACHABLE_CODE = YES;
				CLANG_WARN__DUPLICATE_METHOD_MATCH = YES;
				COPY_PHASE_STRIP = NO;
				DEBUG_INFORMATION_FORMAT = dwarf;
				ENABLE_STRICT_OBJC_MSGSEND = YES;
				ENABLE_TESTABILITY = YES;
				ENABLE_USER_SCRIPT_SANDBOXING = YES;
				GCC_C_LANGUAGE_STANDARD = gnu17;
				GCC_DYNAMIC_NO_PIC = NO;
				GCC_NO_COMMON_BLOCKS = YES;
				GCC_OPTIMIZATION_LEVEL = 0;
				GCC_PREPROCESSOR_DEFINITIONS = (
					"DEBUG=1",
					"$(inherited)",
				);
				GCC_WARN_64_TO_32_BIT_CONVERSION = YES;
				GCC_WARN_ABOUT_RETURN_TYPE = YES_ERROR;
				GCC_WARN_UNDECLARED_SELECTOR = YES;
				GCC_WARN_UNINITIALIZED_AUTOS = YES_AGGRESSIVE;
				GCC_WARN_UNUSED_FUNCTION = YES;
				GCC_WARN_UNUSED_VARIABLE = YES;
				IPHONEOS_DEPLOYMENT_TARGET = 17.0;
				LOCALIZATION_PREFERS_STRING_CATALOGS = YES;
				MTL_ENABLE_DEBUG_INFO = INCLUDE_SOURCE;
				MTL_FAST_MATH = YES;
				ONLY_ACTIVE_ARCH = YES;
				SDKROOT = iphoneos;
				SWIFT_ACTIVE_COMPILATION_CONDITIONS = "DEBUG $(inherited)";
				SWIFT_OPTIMIZATION_LEVEL = "-Onone";
			};
			name = Debug;
		};
		3D0645812BDF239C00EF9AA3 /* Release */ = {
			isa = XCBuildConfiguration;
			buildSettings = {
				ALWAYS_SEARCH_USER_PATHS = NO;
				ASSETCATALOG_COMPILER_GENERATE_SWIFT_ASSET_SYMBOL_EXTENSIONS = YES;
				CLANG_ANALYZER_NONNULL = YES;
				CLANG_ANALYZER_NUMBER_OBJECT_CONVERSION = YES_AGGRESSIVE;
				CLANG_CXX_LANGUAGE_STANDARD = "gnu++20";
				CLANG_ENABLE_MODULES = YES;
				CLANG_ENABLE_OBJC_ARC = YES;
				CLANG_ENABLE_OBJC_WEAK = YES;
				CLANG_WARN_BLOCK_CAPTURE_AUTORELEASING = YES;
				CLANG_WARN_BOOL_CONVERSION = YES;
				CLANG_WARN_COMMA = YES;
				CLANG_WARN_CONSTANT_CONVERSION = YES;
				CLANG_WARN_DEPRECATED_OBJC_IMPLEMENTATIONS = YES;
				CLANG_WARN_DIRECT_OBJC_ISA_USAGE = YES_ERROR;
				CLANG_WARN_DOCUMENTATION_COMMENTS = YES;
				CLANG_WARN_EMPTY_BODY = YES;
				CLANG_WARN_ENUM_CONVERSION = YES;
				CLANG_WARN_INFINITE_RECURSION = YES;
				CLANG_WARN_INT_CONVERSION = YES;
				CLANG_WARN_NON_LITERAL_NULL_CONVERSION = YES;
				CLANG_WARN_OBJC_IMPLICIT_RETAIN_SELF = YES;
				CLANG_WARN_OBJC_LITERAL_CONVERSION = YES;
				CLANG_WARN_OBJC_ROOT_CLASS = YES_ERROR;
				CLANG_WARN_QUOTED_INCLUDE_IN_FRAMEWORK_HEADER = YES;
				CLANG_WARN_RANGE_LOOP_ANALYSIS = YES;
				CLANG_WARN_STRICT_PROTOTYPES = YES;
				CLANG_WARN_SUSPICIOUS_MOVE = YES;
				CLANG_WARN_UNGUARDED_AVAILABILITY = YES_AGGRESSIVE;
				CLANG_WARN_UNREACHABLE_CODE = YES;
				CLANG_WARN__DUPLICATE_METHOD_MATCH = YES;
				COPY_PHASE_STRIP = NO;
				DEBUG_INFORMATION_FORMAT = "dwarf-with-dsym";
				ENABLE_NS_ASSERTIONS = NO;
				ENABLE_STRICT_OBJC_MSGSEND = YES;
				ENABLE_USER_SCRIPT_SANDBOXING = YES;
				GCC_C_LANGUAGE_STANDARD = gnu17;
				GCC_NO_COMMON_BLOCKS = YES;
				GCC_WARN_64_TO_32_BIT_CONVERSION = YES;
				GCC_WARN_ABOUT_RETURN_TYPE = YES_ERROR;
				GCC_WARN_UNDECLARED_SELECTOR = YES;
				GCC_WARN_UNINITIALIZED_AUTOS = YES_AGGRESSIVE;
				GCC_WARN_UNUSED_FUNCTION = YES;
				GCC_WARN_UNUSED_VARIABLE = YES;
				IPHONEOS_DEPLOYMENT_TARGET = 17.0;
				LOCALIZATION_PREFERS_STRING_CATALOGS = YES;
				MTL_ENABLE_DEBUG_INFO = NO;
				MTL_FAST_MATH = YES;
				SDKROOT = iphoneos;
				SWIFT_COMPILATION_MODE = wholemodule;
				VALIDATE_PRODUCT = YES;
			};
			name = Release;
		};
		3D0645832BDF239C00EF9AA3 /* Debug */ = {
			isa = XCBuildConfiguration;
			buildSettings = {
				ASSETCATALOG_COMPILER_APPICON_NAME = AppIcon;
				ASSETCATALOG_COMPILER_GLOBAL_ACCENT_COLOR_NAME = AccentColor;
				CODE_SIGN_STYLE = Automatic;
				CURRENT_PROJECT_VERSION = 1;
				DEVELOPMENT_ASSET_PATHS = "\"Landmarks/Preview Content\"";
				DEVELOPMENT_TEAM = 67Z3VQ7UFX;
				ENABLE_PREVIEWS = YES;
				GENERATE_INFOPLIST_FILE = YES;
				INFOPLIST_KEY_UIApplicationSceneManifest_Generation = YES;
				INFOPLIST_KEY_UIApplicationSupportsIndirectInputEvents = YES;
				INFOPLIST_KEY_UILaunchScreen_Generation = YES;
				INFOPLIST_KEY_UISupportedInterfaceOrientations_iPad = "UIInterfaceOrientationPortrait UIInterfaceOrientationPortraitUpsideDown UIInterfaceOrientationLandscapeLeft UIInterfaceOrientationLandscapeRight";
				INFOPLIST_KEY_UISupportedInterfaceOrientations_iPhone = "UIInterfaceOrientationPortrait UIInterfaceOrientationLandscapeLeft UIInterfaceOrientationLandscapeRight";
				LD_RUNPATH_SEARCH_PATHS = (
					"$(inherited)",
					"@executable_path/Frameworks",
				);
				MARKETING_VERSION = 1.0;
				PRODUCT_BUNDLE_IDENTIFIER = com.example.Landmarks;
				PRODUCT_NAME = "$(TARGET_NAME)";
				SWIFT_EMIT_LOC_STRINGS = YES;
				SWIFT_VERSION = 5.0;
				TARGETED_DEVICE_FAMILY = "1,2";
			};
			name = Debug;
		};
		3D0645842BDF239C00EF9AA3 /* Release */ = {
			isa = XCBuildConfiguration;
			buildSettings = {
				ASSETCATALOG_COMPILER_APPICON_NAME = AppIcon;
				ASSETCATALOG_COMPILER_GLOBAL_ACCENT_COLOR_NAME = AccentColor;
				CODE_SIGN_STYLE = Automatic;
				CURRENT_PROJECT_VERSION = 1;
				DEVELOPMENT_ASSET_PATHS = "\"Landmarks/Preview Content\"";
				DEVELOPMENT_TEAM = 67Z3VQ7UFX;
				ENABLE_PREVIEWS = YES;
				GENERATE_INFOPLIST_FILE = YES;
				INFOPLIST_KEY_UIApplicationSceneManifest_Generation = YES;
				INFOPLIST_KEY_UIApplicationSupportsIndirectInputEvents = YES;
				INFOPLIST_KEY_UILaunchScreen_Generation = YES;
				INFOPLIST_KEY_UISupportedInterfaceOrientations_iPad = "UIInterfaceOrientationPortrait UIInterfaceOrientationPortraitUpsideDown UIInterfaceOrientationLandscapeLeft UIInterfaceOrientationLandscapeRight";
				INFOPLIST_KEY_UISupportedInterfaceOrientations_iPhone = "UIInterfaceOrientationPortrait UIInterfaceOrientationLandscapeLeft UIInterfaceOrientationLandscapeRight";
				LD_RUNPATH_SEARCH_PATHS = (
					"$(inherited)",
					"@executable_path/Frameworks",
				);
				MARKETING_VERSION = 1.0;
				PRODUCT_BUNDLE_IDENTIFIER = com.example.Landmarks;
				PRODUCT_NAME = "$(TARGET_NAME)";
				SWIFT_EMIT_LOC_STRINGS = YES;
				SWIFT_VERSION = 5.0;
				TARGETED_DEVICE_FAMILY = "1,2";
			};
			name = Release;
		};
/* End XCBuildConfiguration section */

/* Begin XCConfigurationList section */
		3D06456F2BDF239900EF9AA3 /* Build configuration list for PBXProject "Landmarks" */ = {
			isa = XCConfigurationList;
			buildConfigurations = (
				3D0645802BDF239C00EF9AA3 /* Debug */,
				3D0645812BDF239C00EF9AA3 /* Release */,
			);
			defaultConfigurationIsVisible = 0;
			defaultConfigurationName = Release;
		};
		3D0645822BDF239C00EF9AA3 /* Build configuration list for PBXNativeTarget "Landmarks" */ = {
			isa = XCConfigurationList;
			buildConfigurations = (
				3D0645832BDF239C00EF9AA3 /* Debug */,
				3D0645842BDF239C00EF9AA3 /* Release */,
			);
			defaultConfigurationIsVisible = 0;
			defaultConfigurationName = Release;
		};
/* End XCConfigurationList section */
	};
	rootObject = 3D06456C2BDF239900EF9AA3 /* Project object */;
}
