// !$*UTF8*$!
{
	archiveVersion = 1;
	classes = {
	};
	objectVersion = 56;
	objects = {

/* Begin PBXBuildFile section */
		3D0645782BDF239900EF9AA3 /* LandmarksApp.swift in Sources */ = {isa = PBXBuildFile; fileRef = 3D0645772BDF239900EF9AA3 /* LandmarksApp.swift */; };
		3D06457A2BDF239900EF9AA3 /* ContentView.swift in Sources */ = {isa = PBXBuildFile; fileRef = 3D0645792BDF239900EF9AA3 /* ContentView.swift */; };
		3D06457C2BDF239C00EF9AA3 /* Assets.xcassets in Resources */ = {isa = PBXBuildFile; fileRef = 3D06457B2BDF239C00EF9AA3 /* Assets.xcassets */; };
		3D06457F2BDF239C00EF9AA3 /* Preview Assets.xcassets in Resources */ = {isa = PBXBuildFile; fileRef = 3D06457E2BDF239C00EF9AA3 /* Preview Assets.xcassets */; };
		3D0645862BDF288E00EF9AA3 /* CircleImage.swift in Sources */ = {isa = PBXBuildFile; fileRef = 3D0645852BDF288E00EF9AA3 /* CircleImage.swift */; };
		3D0645882BDF2A1000EF9AA3 /* MapView.swift in Sources */ = {isa = PBXBuildFile; fileRef = 3D0645872BDF2A1000EF9AA3 /* MapView.swift */; };
		3D06458C2BDF320F00EF9AA3 /* landmarkData.json in Resources */ = {isa = PBXBuildFile; fileRef = 3D06458B2BDF320F00EF9AA3 /* landmarkData.json */; };
		3D06458E2BDF324400EF9AA3 /* Landmark.swift in Sources */ = {isa = PBXBuildFile; fileRef = 3D06458D2BDF324400EF9AA3 /* Landmark.swift */; };
		3D0645902BDF344500EF9AA3 /* ModelData.swift in Sources */ = {isa = PBXBuildFile; fileRef = 3D06458F2BDF344500EF9AA3 /* ModelData.swift */; };
		3D0645952BDF36FB00EF9AA3 /* LandmarkRow.swift in Sources */ = {isa = PBXBuildFile; fileRef = 3D0645942BDF36FB00EF9AA3 /* LandmarkRow.swift */; };
		3D0645972BDF3B3900EF9AA3 /* LandmarkList.swift in Sources */ = {isa = PBXBuildFile; fileRef = 3D0645962BDF3B3900EF9AA3 /* LandmarkList.swift */; };
		3D0645992BE074B700EF9AA3 /* LandmarkDetail.swift in Sources */ = {isa = PBXBuildFile; fileRef = 3D0645982BE074B700EF9AA3 /* LandmarkDetail.swift */; };
		3D204FDC2BE13A4E00AFA6BC /* FavoriteButton.swift in Sources */ = {isa = PBXBuildFile; fileRef = 3D204FDB2BE13A4E00AFA6BC /* FavoriteButton.swift */; };
		3D34E4732BF05A4B00F0FC35 /* ProfileEditor.swift in Sources */ = {isa = PBXBuildFile; fileRef = 3D34E4722BF05A4B00F0FC35 /* ProfileEditor.swift */; };
		3D34E4762BF0663C00F0FC35 /* PageViewController.swift in Sources */ = {isa = PBXBuildFile; fileRef = 3D34E4752BF0663C00F0FC35 /* PageViewController.swift */; };
		3D34E4782BF069BF00F0FC35 /* FeatureCard.swift in Sources */ = {isa = PBXBuildFile; fileRef = 3D34E4772BF069BF00F0FC35 /* FeatureCard.swift */; };
		3D34E47A2BF06C3A00F0FC35 /* PageView.swift in Sources */ = {isa = PBXBuildFile; fileRef = 3D34E4792BF06C3A00F0FC35 /* PageView.swift */; };
		3D71F8952BEDBB14004B5101 /* hikeData.json in Resources */ = {isa = PBXBuildFile; fileRef = 3D71F8942BEDBB13004B5101 /* hikeData.json */; };
		3D71F8972BEDBB59004B5101 /* Hike.swift in Sources */ = {isa = PBXBuildFile; fileRef = 3D71F8962BEDBB59004B5101 /* Hike.swift */; };
		3D71F89D2BEDC1B4004B5101 /* GraphCapsule.swift in Sources */ = {isa = PBXBuildFile; fileRef = 3D71F8992BEDC1B4004B5101 /* GraphCapsule.swift */; };
		3D71F89E2BEDC1B4004B5101 /* HikeGraph.swift in Sources */ = {isa = PBXBuildFile; fileRef = 3D71F89A2BEDC1B4004B5101 /* HikeGraph.swift */; };
		3D71F89F2BEDC1B4004B5101 /* HikeDetail.swift in Sources */ = {isa = PBXBuildFile; fileRef = 3D71F89B2BEDC1B4004B5101 /* HikeDetail.swift */; };
		3D71F8A02BEDC1B4004B5101 /* HikeView.swift in Sources */ = {isa = PBXBuildFile; fileRef = 3D71F89C2BEDC1B4004B5101 /* HikeView.swift */; };
		3D74F4AB2BEF18AD00E72C81 /* CategoryRow.swift in Sources */ = {isa = PBXBuildFile; fileRef = 3D74F4AA2BEF18AD00E72C81 /* CategoryRow.swift */; };
		3D74F4AD2BEF1ACC00E72C81 /* CategoryItem.swift in Sources */ = {isa = PBXBuildFile; fileRef = 3D74F4AC2BEF1ACB00E72C81 /* CategoryItem.swift */; };
		3D74F4AF2BEF243900E72C81 /* Profile.swift in Sources */ = {isa = PBXBuildFile; fileRef = 3D74F4AE2BEF243900E72C81 /* Profile.swift */; };
		3D74F4B22BEF251E00E72C81 /* ProfileHost.swift in Sources */ = {isa = PBXBuildFile; fileRef = 3D74F4B12BEF251E00E72C81 /* ProfileHost.swift */; };
		3D74F4B42BEF267C00E72C81 /* ProfileSummary.swift in Sources */ = {isa = PBXBuildFile; fileRef = 3D74F4B32BEF267C00E72C81 /* ProfileSummary.swift */; };
		3D74F4B62BEF299500E72C81 /* HikeBadge.swift in Sources */ = {isa = PBXBuildFile; fileRef = 3D74F4B52BEF299500E72C81 /* HikeBadge.swift */; };
		3D775B9B2BE239EE0089FCE9 /* HexagonParameters.swift in Sources */ = {isa = PBXBuildFile; fileRef = 3D775B9A2BE239EE0089FCE9 /* HexagonParameters.swift */; };
		3DCC2DDF2BEF136000C4DD29 /* CategoryHome.swift in Sources */ = {isa = PBXBuildFile; fileRef = 3DCC2DDE2BEF136000C4DD29 /* CategoryHome.swift */; };
		3DF14FA72BE23CB7009BE609 /* BadgeBackground.swift in Sources */ = {isa = PBXBuildFile; fileRef = 3DF14FA62BE23CB7009BE609 /* BadgeBackground.swift */; };
		3DF14FA92BE2471E009BE609 /* BadgeSymbol.swift in Sources */ = {isa = PBXBuildFile; fileRef = 3DF14FA82BE2471E009BE609 /* BadgeSymbol.swift */; };
		3DF14FAB2BE330E9009BE609 /* RotatedBadgeSymbol.swift in Sources */ = {isa = PBXBuildFile; fileRef = 3DF14FAA2BE330E9009BE609 /* RotatedBadgeSymbol.swift */; };
		3DF14FAD2BE3326F009BE609 /* Badge.swift in Sources */ = {isa = PBXBuildFile; fileRef = 3DF14FAC2BE3326F009BE609 /* Badge.swift */; };
/* End PBXBuildFile section */

/* Begin PBXFileReference section */
		3D0645742BDF239900EF9AA3 /* Landmarks.app */ = {isa = PBXFileReference; explicitFileType = wrapper.application; includeInIndex = 0; path = Landmarks.app; sourceTree = BUILT_PRODUCTS_DIR; };
		3D0645772BDF239900EF9AA3 /* LandmarksApp.swift */ = {isa = PBXFileReference; lastKnownFileType = sourcecode.swift; path = LandmarksApp.swift; sourceTree = "<group>"; };
		3D0645792BDF239900EF9AA3 /* ContentView.swift */ = {isa = PBXFileReference; lastKnownFileType = sourcecode.swift; path = ContentView.swift; sourceTree = "<group>"; };
		3D06457B2BDF239C00EF9AA3 /* Assets.xcassets */ = {isa = PBXFileReference; lastKnownFileType = folder.assetcatalog; path = Assets.xcassets; sourceTree = "<group>"; };
		3D06457E2BDF239C00EF9AA3 /* Preview Assets.xcassets */ = {isa = PBXFileReference; lastKnownFileType = folder.assetcatalog; path = "Preview Assets.xcassets"; sourceTree = "<group>"; };
		3D0645852BDF288E00EF9AA3 /* CircleImage.swift */ = {isa = PBXFileReference; lastKnownFileType = sourcecode.swift; path = CircleImage.swift; sourceTree = "<group>"; };
		3D0645872BDF2A1000EF9AA3 /* MapView.swift */ = {isa = PBXFileReference; lastKnownFileType = sourcecode.swift; path = MapView.swift; sourceTree = "<group>"; };
		3D06458B2BDF320F00EF9AA3 /* landmarkData.json */ = {isa = PBXFileReference; fileEncoding = 4; lastKnownFileType = text.json; path = landmarkData.json; sourceTree = "<group>"; };
		3D06458D2BDF324400EF9AA3 /* Landmark.swift */ = {isa = PBXFileReference; lastKnownFileType = sourcecode.swift; path = Landmark.swift; sourceTree = "<group>"; };
		3D06458F2BDF344500EF9AA3 /* ModelData.swift */ = {isa = PBXFileReference; lastKnownFileType = sourcecode.swift; path = ModelData.swift; sourceTree = "<group>"; };
		3D0645942BDF36FB00EF9AA3 /* LandmarkRow.swift */ = {isa = PBXFileReference; lastKnownFileType = sourcecode.swift; path = LandmarkRow.swift; sourceTree = "<group>"; };
		3D0645962BDF3B3900EF9AA3 /* LandmarkList.swift */ = {isa = PBXFileReference; lastKnownFileType = sourcecode.swift; path = LandmarkList.swift; sourceTree = "<group>"; };
		3D0645982BE074B700EF9AA3 /* LandmarkDetail.swift */ = {isa = PBXFileReference; lastKnownFileType = sourcecode.swift; path = LandmarkDetail.swift; sourceTree = "<group>"; };
		3D204FDB2BE13A4E00AFA6BC /* FavoriteButton.swift */ = {isa = PBXFileReference; lastKnownFileType = sourcecode.swift; path = FavoriteButton.swift; sourceTree = "<group>"; };
		3D34E4722BF05A4B00F0FC35 /* ProfileEditor.swift */ = {isa = PBXFileReference; lastKnownFileType = sourcecode.swift; path = ProfileEditor.swift; sourceTree = "<group>"; };
		3D34E4752BF0663C00F0FC35 /* PageViewController.swift */ = {isa = PBXFileReference; lastKnownFileType = sourcecode.swift; path = PageViewController.swift; sourceTree = "<group>"; };
		3D34E4772BF069BF00F0FC35 /* FeatureCard.swift */ = {isa = PBXFileReference; lastKnownFileType = sourcecode.swift; path = FeatureCard.swift; sourceTree = "<group>"; };
		3D34E4792BF06C3A00F0FC35 /* PageView.swift */ = {isa = PBXFileReference; lastKnownFileType = sourcecode.swift; path = PageView.swift; sourceTree = "<group>"; };
		3D71F8942BEDBB13004B5101 /* hikeData.json */ = {isa = PBXFileReference; fileEncoding = 4; lastKnownFileType = text.json; path = hikeData.json; sourceTree = "<group>"; };
		3D71F8962BEDBB59004B5101 /* Hike.swift */ = {isa = PBXFileReference; lastKnownFileType = sourcecode.swift; path = Hike.swift; sourceTree = "<group>"; };
		3D71F8992BEDC1B4004B5101 /* GraphCapsule.swift */ = {isa = PBXFileReference; fileEncoding = 4; lastKnownFileType = sourcecode.swift; path = GraphCapsule.swift; sourceTree = "<group>"; };
		3D71F89A2BEDC1B4004B5101 /* HikeGraph.swift */ = {isa = PBXFileReference; fileEncoding = 4; lastKnownFileType = sourcecode.swift; path = HikeGraph.swift; sourceTree = "<group>"; };
		3D71F89B2BEDC1B4004B5101 /* HikeDetail.swift */ = {isa = PBXFileReference; fileEncoding = 4; lastKnownFileType = sourcecode.swift; path = HikeDetail.swift; sourceTree = "<group>"; };
		3D71F89C2BEDC1B4004B5101 /* HikeView.swift */ = {isa = PBXFileReference; fileEncoding = 4; lastKnownFileType = sourcecode.swift; path = HikeView.swift; sourceTree = "<group>"; };
		3D74F4AA2BEF18AD00E72C81 /* CategoryRow.swift */ = {isa = PBXFileReference; lastKnownFileType = sourcecode.swift; path = CategoryRow.swift; sourceTree = "<group>"; };
		3D74F4AC2BEF1ACB00E72C81 /* CategoryItem.swift */ = {isa = PBXFileReference; lastKnownFileType = sourcecode.swift; path = CategoryItem.swift; sourceTree = "<group>"; };
		3D74F4AE2BEF243900E72C81 /* Profile.swift */ = {isa = PBXFileReference; lastKnownFileType = sourcecode.swift; path = Profile.swift; sourceTree = "<group>"; };
		3D74F4B12BEF251E00E72C81 /* ProfileHost.swift */ = {isa = PBXFileReference; lastKnownFileType = sourcecode.swift; path = ProfileHost.swift; sourceTree = "<group>"; };
		3D74F4B32BEF267C00E72C81 /* ProfileSummary.swift */ = {isa = PBXFileReference; lastKnownFileType = sourcecode.swift; path = ProfileSummary.swift; sourceTree = "<group>"; };
		3D74F4B52BEF299500E72C81 /* HikeBadge.swift */ = {isa = PBXFileReference; lastKnownFileType = sourcecode.swift; path = HikeBadge.swift; sourceTree = "<group>"; };
		3D775B9A2BE239EE0089FCE9 /* HexagonParameters.swift */ = {isa = PBXFileReference; lastKnownFileType = sourcecode.swift; path = HexagonParameters.swift; sourceTree = "<group>"; };
		3DCC2DDE2BEF136000C4DD29 /* CategoryHome.swift */ = {isa = PBXFileReference; lastKnownFileType = sourcecode.swift; path = CategoryHome.swift; sourceTree = "<group>"; };
		3DF14FA62BE23CB7009BE609 /* BadgeBackground.swift */ = {isa = PBXFileReference; lastKnownFileType = sourcecode.swift; path = BadgeBackground.swift; sourceTree = "<group>"; };
		3DF14FA82BE2471E009BE609 /* BadgeSymbol.swift */ = {isa = PBXFileReference; lastKnownFileType = sourcecode.swift; path = BadgeSymbol.swift; sourceTree = "<group>"; };
		3DF14FAA2BE330E9009BE609 /* RotatedBadgeSymbol.swift */ = {isa = PBXFileReference; lastKnownFileType = sourcecode.swift; path = RotatedBadgeSymbol.swift; sourceTree = "<group>"; };
		3DF14FAC2BE3326F009BE609 /* Badge.swift */ = {isa = PBXFileReference; lastKnownFileType = sourcecode.swift; path = Badge.swift; sourceTree = "<group>"; };
/* End PBXFileReference section */

/* Begin PBXFrameworksBuildPhase section */
		3D0645712BDF239900EF9AA3 /* Frameworks */ = {
			isa = PBXFrameworksBuildPhase;
			buildActionMask = 2147483647;
			files = (
			);
			runOnlyForDeploymentPostprocessing = 0;
		};
/* End PBXFrameworksBuildPhase section */

/* Begin PBXGroup section */
		3D06456B2BDF239900EF9AA3 = {
			isa = PBXGroup;
			children = (
				3D0645762BDF239900EF9AA3 /* Landmarks */,
				3D0645752BDF239900EF9AA3 /* Products */,
			);
			sourceTree = "<group>";
		};
		3D0645752BDF239900EF9AA3 /* Products */ = {
			isa = PBXGroup;
			children = (
				3D0645742BDF239900EF9AA3 /* Landmarks.app */,
			);
			name = Products;
			sourceTree = "<group>";
		};
		3D0645762BDF239900EF9AA3 /* Landmarks */ = {
			isa = PBXGroup;
			children = (
				3D0645772BDF239900EF9AA3 /* LandmarksApp.swift */,
				3D0645912BDF35E500EF9AA3 /* Views */,
				3D0645922BDF35F500EF9AA3 /* Model */,
				3D0645932BDF360C00EF9AA3 /* Resources */,
				3D06457B2BDF239C00EF9AA3 /* Assets.xcassets */,
				3D06457D2BDF239C00EF9AA3 /* Preview Content */,
			);
			path = Landmarks;
			sourceTree = "<group>";
		};
		3D06457D2BDF239C00EF9AA3 /* Preview Content */ = {
			isa = PBXGroup;
			children = (
				3D06457E2BDF239C00EF9AA3 /* Preview Assets.xcassets */,
			);
			path = "Preview Content";
			sourceTree = "<group>";
		};
		3D0645912BDF35E500EF9AA3 /* Views */ = {
			isa = PBXGroup;
			children = (
				3D0645792BDF239900EF9AA3 /* ContentView.swift */,
				3D34E4742BF0660700F0FC35 /* PageView */,
				3D74F4B02BEF250800E72C81 /* Profiles */,
				3DCC2DDD2BEF133300C4DD29 /* Categories */,
				3D71F8982BEDC1B4004B5101 /* Hikes */,
				3D204FDD2BE13C3D00AFA6BC /* Landmark */,
				3DF14FAE2BE3349C009BE609 /* Badges */,
				3D204FDE2BE13C5400AFA6BC /* Helper */,
			);
			path = Views;
			sourceTree = "<group>";
		};
		3D0645922BDF35F500EF9AA3 /* Model */ = {
			isa = PBXGroup;
			children = (
				3D06458D2BDF324400EF9AA3 /* Landmark.swift */,
				3D06458F2BDF344500EF9AA3 /* ModelData.swift */,
				3D71F8962BEDBB59004B5101 /* Hike.swift */,
				3D74F4AE2BEF243900E72C81 /* Profile.swift */,
			);
			path = Model;
			sourceTree = "<group>";
		};
		3D0645932BDF360C00EF9AA3 /* Resources */ = {
			isa = PBXGroup;
			children = (
				3D71F8942BEDBB13004B5101 /* hikeData.json */,
				3D06458B2BDF320F00EF9AA3 /* landmarkData.json */,
			);
			path = Resources;
			sourceTree = "<group>";
		};
		3D204FDD2BE13C3D00AFA6BC /* Landmark */ = {
			isa = PBXGroup;
			children = (
				3D0645942BDF36FB00EF9AA3 /* LandmarkRow.swift */,
				3D0645982BE074B700EF9AA3 /* LandmarkDetail.swift */,
				3D0645962BDF3B3900EF9AA3 /* LandmarkList.swift */,
			);
			path = Landmark;
			sourceTree = "<group>";
		};
		3D204FDE2BE13C5400AFA6BC /* Helper */ = {
			isa = PBXGroup;
			children = (
				3D0645852BDF288E00EF9AA3 /* CircleImage.swift */,
				3D0645872BDF2A1000EF9AA3 /* MapView.swift */,
				3D204FDB2BE13A4E00AFA6BC /* FavoriteButton.swift */,
			);
			path = Helper;
			sourceTree = "<group>";
		};
		3D34E4742BF0660700F0FC35 /* PageView */ = {
			isa = PBXGroup;
			children = (
				3D34E4752BF0663C00F0FC35 /* PageViewController.swift */,
				3D34E4792BF06C3A00F0FC35 /* PageView.swift */,
				3D34E4772BF069BF00F0FC35 /* FeatureCard.swift */,
			);
			path = PageView;
			sourceTree = "<group>";
		};
		3D71F8982BEDC1B4004B5101 /* Hikes */ = {
			isa = PBXGroup;
			children = (
				3D71F8992BEDC1B4004B5101 /* GraphCapsule.swift */,
				3D71F89A2BEDC1B4004B5101 /* HikeGraph.swift */,
				3D71F89B2BEDC1B4004B5101 /* HikeDetail.swift */,
				3D71F89C2BEDC1B4004B5101 /* HikeView.swift */,
				3D74F4B52BEF299500E72C81 /* HikeBadge.swift */,
			);
			path = Hikes;
			sourceTree = "<group>";
		};
		3D74F4B02BEF250800E72C81 /* Profiles */ = {
			isa = PBXGroup;
			children = (
				3D74F4B12BEF251E00E72C81 /* ProfileHost.swift */,
				3D34E4722BF05A4B00F0FC35 /* ProfileEditor.swift */,
				3D74F4B32BEF267C00E72C81 /* ProfileSummary.swift */,
			);
			path = Profiles;
			sourceTree = "<group>";
		};
		3DCC2DDD2BEF133300C4DD29 /* Categories */ = {
			isa = PBXGroup;
			children = (
				3DCC2DDE2BEF136000C4DD29 /* CategoryHome.swift */,
				3D74F4AA2BEF18AD00E72C81 /* CategoryRow.swift */,
				3D74F4AC2BEF1ACB00E72C81 /* CategoryItem.swift */,
			);
			path = Categories;
			sourceTree = "<group>";
		};
		3DF14FAE2BE3349C009BE609 /* Badges */ = {
			isa = PBXGroup;
			children = (
				3DF14FA62BE23CB7009BE609 /* BadgeBackground.swift */,
				3DF14FA82BE2471E009BE609 /* BadgeSymbol.swift */,
				3DF14FAC2BE3326F009BE609 /* Badge.swift */,
				3D775B9A2BE239EE0089FCE9 /* HexagonParameters.swift */,
				3DF14FAA2BE330E9009BE609 /* RotatedBadgeSymbol.swift */,
			);
			path = Badges;
			sourceTree = "<group>";
		};
/* End PBXGroup section */

/* Begin PBXNativeTarget section */
		3D0645732BDF239900EF9AA3 /* Landmarks */ = {
			isa = PBXNativeTarget;
			buildConfigurationList = 3D0645822BDF239C00EF9AA3 /* Build configuration list for PBXNativeTarget "Landmarks" */;
			buildPhases = (
				3D0645702BDF239900EF9AA3 /* Sources */,
				3D0645712BDF239900EF9AA3 /* Frameworks */,
				3D0645722BDF239900EF9AA3 /* Resources */,
			);
			buildRules = (
			);
			dependencies = (
			);
			name = Landmarks;
			productName = Landmarks;
			productReference = 3D0645742BDF239900EF9AA3 /* Landmarks.app */;
			productType = "com.apple.product-type.application";
		};
/* End PBXNativeTarget section */

/* Begin PBXProject section */
		3D06456C2BDF239900EF9AA3 /* Project object */ = {
			isa = PBXProject;
			attributes = {
				BuildIndependentTargetsInParallel = 1;
				LastSwiftUpdateCheck = 1500;
				LastUpgradeCheck = 1500;
				TargetAttributes = {
					3D0645732BDF239900EF9AA3 = {
						CreatedOnToolsVersion = 15.0;
					};
				};
			};
			buildConfigurationList = 3D06456F2BDF239900EF9AA3 /* Build configuration list for PBXProject "Landmarks" */;
			compatibilityVersion = "Xcode 14.0";
			developmentRegion = en;
			hasScannedForEncodings = 0;
			knownRegions = (
				en,
				Base,
			);
			mainGroup = 3D06456B2BDF239900EF9AA3;
			productRefGroup = 3D0645752BDF239900EF9AA3 /* Products */;
			projectDirPath = "";
			projectRoot = "";
			targets = (
				3D0645732BDF239900EF9AA3 /* Landmarks */,
			);
		};
/* End PBXProject section */

/* Begin PBXResourcesBuildPhase section */
		3D0645722BDF239900EF9AA3 /* Resources */ = {
			isa = PBXResourcesBuildPhase;
			buildActionMask = 2147483647;
			files = (
				3D71F8952BEDBB14004B5101 /* hikeData.json in Resources */,
				3D06457F2BDF239C00EF9AA3 /* Preview Assets.xcassets in Resources */,
				3D06457C2BDF239C00EF9AA3 /* Assets.xcassets in Resources */,
				3D06458C2BDF320F00EF9AA3 /* landmarkData.json in Resources */,
			);
			runOnlyForDeploymentPostprocessing = 0;
		};
/* End PBXResourcesBuildPhase section */

/* Begin PBXSourcesBuildPhase section */
		3D0645702BDF239900EF9AA3 /* Sources */ = {
			isa = PBXSourcesBuildPhase;
			buildActionMask = 2147483647;
			files = (
				3D06457A2BDF239900EF9AA3 /* ContentView.swift in Sources */,
				3D74F4AF2BEF243900E72C81 /* Profile.swift in Sources */,
				3DCC2DDF2BEF136000C4DD29 /* CategoryHome.swift in Sources */,
				3D71F89E2BEDC1B4004B5101 /* HikeGraph.swift in Sources */,
				3D34E4782BF069BF00F0FC35 /* FeatureCard.swift in Sources */,
				3DF14FAD2BE3326F009BE609 /* Badge.swift in Sources */,
				3D0645882BDF2A1000EF9AA3 /* MapView.swift in Sources */,
				3D71F89D2BEDC1B4004B5101 /* GraphCapsule.swift in Sources */,
				3D0645782BDF239900EF9AA3 /* LandmarksApp.swift in Sources */,
				3D204FDC2BE13A4E00AFA6BC /* FavoriteButton.swift in Sources */,
				3D71F89F2BEDC1B4004B5101 /* HikeDetail.swift in Sources */,
				3D74F4AD2BEF1ACC00E72C81 /* CategoryItem.swift in Sources */,
				3D775B9B2BE239EE0089FCE9 /* HexagonParameters.swift in Sources */,
				3D74F4B42BEF267C00E72C81 /* ProfileSummary.swift in Sources */,
				3D71F8972BEDBB59004B5101 /* Hike.swift in Sources */,
				3D74F4B22BEF251E00E72C81 /* ProfileHost.swift in Sources */,
				3DF14FAB2BE330E9009BE609 /* RotatedBadgeSymbol.swift in Sources */,
				3DF14FA92BE2471E009BE609 /* BadgeSymbol.swift in Sources */,
				3D34E47A2BF06C3A00F0FC35 /* PageView.swift in Sources */,
				3D0645972BDF3B3900EF9AA3 /* LandmarkList.swift in Sources */,
				3D34E4732BF05A4B00F0FC35 /* ProfileEditor.swift in Sources */,
				3D71F8A02BEDC1B4004B5101 /* HikeView.swift in Sources */,
				3D0645992BE074B700EF9AA3 /* LandmarkDetail.swift in Sources */,
				3DF14FA72BE23CB7009BE609 /* BadgeBackground.swift in Sources */,
				3D34E4762BF0663C00F0FC35 /* PageViewController.swift in Sources */,
				3D0645862BDF288E00EF9AA3 /* CircleImage.swift in Sources */,
				3D74F4B62BEF299500E72C81 /* HikeBadge.swift in Sources */,
				3D74F4AB2BEF18AD00E72C81 /* CategoryRow.swift in Sources */,
				3D06458E2BDF324400EF9AA3 /* Landmark.swift in Sources */,
				3D0645952BDF36FB00EF9AA3 /* LandmarkRow.swift in Sources */,
				3D0645902BDF344500EF9AA3 /* ModelData.swift in Sources */,
			);
			runOnlyForDeploymentPostprocessing = 0;
		};
/* End PBXSourcesBuildPhase section */

/* Begin XCBuildConfiguration section */
		3D0645802BDF239C00EF9AA3 /* Debug */ = {
			isa = XCBuildConfiguration;
			buildSettings = {
				ALWAYS_SEARCH_USER_PATHS = NO;
				ASSETCATALOG_COMPILER_GENERATE_SWIFT_ASSET_SYMBOL_EXTENSIONS = YES;
				CLANG_ANALYZER_NONNULL = YES;
				CLANG_ANALYZER_NUMBER_OBJECT_CONVERSION = YES_AGGRESSIVE;
				CLANG_CXX_LANGUAGE_STANDARD = "gnu++20";
				CLANG_ENABLE_MODULES = YES;
				CLANG_ENABLE_OBJC_ARC = YES;
				CLANG_ENABLE_OBJC_WEAK = YES;
				CLANG_WARN_BLOCK_CAPTURE_AUTORELEASING = YES;
				CLANG_WARN_BOOL_CONVERSION = YES;
				CLANG_WARN_COMMA = YES;
				CLANG_WARN_CONSTANT_CONVERSION = YES;
				CLANG_WARN_DEPRECATED_OBJC_IMPLEMENTATIONS = YES;
				CLANG_WARN_DIRECT_OBJC_ISA_USAGE = YES_ERROR;
				CLANG_WARN_DOCUMENTATION_COMMENTS = YES;
				CLANG_WARN_EMPTY_BODY = YES;
				CLANG_WARN_ENUM_CONVERSION = YES;
				CLANG_WARN_INFINITE_RECURSION = YES;
				CLANG_WARN_INT_CONVERSION = YES;
				CLANG_WARN_NON_LITERAL_NULL_CONVERSION = YES;
				CLANG_WARN_OBJC_IMPLICIT_RETAIN_SELF = YES;
				CLANG_WARN_OBJC_LITERAL_CONVERSION = YES;
				CLANG_WARN_OBJC_ROOT_CLASS = YES_ERROR;
				CLANG_WARN_QUOTED_INCLUDE_IN_FRAMEWORK_HEADER = YES;
				CLANG_WARN_RANGE_LOOP_ANALYSIS = YES;
				CLANG_WARN_STRICT_PROTOTYPES = YES;
				CLANG_WARN_SUSPICIOUS_MOVE = YES;
				CLANG_WARN_UNGUARDED_AVAILABILITY = YES_AGGRESSIVE;
				CLANG_WARN_UNREACHABLE_CODE = YES;
				CLANG_WARN__DUPLICATE_METHOD_MATCH = YES;
				COPY_PHASE_STRIP = NO;
				DEBUG_INFORMATION_FORMAT = dwarf;
				ENABLE_STRICT_OBJC_MSGSEND = YES;
				ENABLE_TESTABILITY = YES;
				ENABLE_USER_SCRIPT_SANDBOXING = YES;
				GCC_C_LANGUAGE_STANDARD = gnu17;
				GCC_DYNAMIC_NO_PIC = NO;
				GCC_NO_COMMON_BLOCKS = YES;
				GCC_OPTIMIZATION_LEVEL = 0;
				GCC_PREPROCESSOR_DEFINITIONS = (
					"DEBUG=1",
					"$(inherited)",
				);
				GCC_WARN_64_TO_32_BIT_CONVERSION = YES;
				GCC_WARN_ABOUT_RETURN_TYPE = YES_ERROR;
				GCC_WARN_UNDECLARED_SELECTOR = YES;
				GCC_WARN_UNINITIALIZED_AUTOS = YES_AGGRESSIVE;
				GCC_WARN_UNUSED_FUNCTION = YES;
				GCC_WARN_UNUSED_VARIABLE = YES;
				IPHONEOS_DEPLOYMENT_TARGET = 17.0;
				LOCALIZATION_PREFERS_STRING_CATALOGS = YES;
				MTL_ENABLE_DEBUG_INFO = INCLUDE_SOURCE;
				MTL_FAST_MATH = YES;
				ONLY_ACTIVE_ARCH = YES;
				SDKROOT = iphoneos;
				SWIFT_ACTIVE_COMPILATION_CONDITIONS = "DEBUG $(inherited)";
				SWIFT_OPTIMIZATION_LEVEL = "-Onone";
			};
			name = Debug;
		};
		3D0645812BDF239C00EF9AA3 /* Release */ = {
			isa = XCBuildConfiguration;
			buildSettings = {
				ALWAYS_SEARCH_USER_PATHS = NO;
				ASSETCATALOG_COMPILER_GENERATE_SWIFT_ASSET_SYMBOL_EXTENSIONS = YES;
				CLANG_ANALYZER_NONNULL = YES;
				CLANG_ANALYZER_NUMBER_OBJECT_CONVERSION = YES_AGGRESSIVE;
				CLANG_CXX_LANGUAGE_STANDARD = "gnu++20";
				CLANG_ENABLE_MODULES = YES;
				CLANG_ENABLE_OBJC_ARC = YES;
				CLANG_ENABLE_OBJC_WEAK = YES;
				CLANG_WARN_BLOCK_CAPTURE_AUTORELEASING = YES;
				CLANG_WARN_BOOL_CONVERSION = YES;
				CLANG_WARN_COMMA = YES;
				CLANG_WARN_CONSTANT_CONVERSION = YES;
				CLANG_WARN_DEPRECATED_OBJC_IMPLEMENTATIONS = YES;
				CLANG_WARN_DIRECT_OBJC_ISA_USAGE = YES_ERROR;
				CLANG_WARN_DOCUMENTATION_COMMENTS = YES;
				CLANG_WARN_EMPTY_BODY = YES;
				CLANG_WARN_ENUM_CONVERSION = YES;
				CLANG_WARN_INFINITE_RECURSION = YES;
				CLANG_WARN_INT_CONVERSION = YES;
				CLANG_WARN_NON_LITERAL_NULL_CONVERSION = YES;
				CLANG_WARN_OBJC_IMPLICIT_RETAIN_SELF = YES;
				CLANG_WARN_OBJC_LITERAL_CONVERSION = YES;
				CLANG_WARN_OBJC_ROOT_CLASS = YES_ERROR;
				CLANG_WARN_QUOTED_INCLUDE_IN_FRAMEWORK_HEADER = YES;
				CLANG_WARN_RANGE_LOOP_ANALYSIS = YES;
				CLANG_WARN_STRICT_PROTOTYPES = YES;
				CLANG_WARN_SUSPICIOUS_MOVE = YES;
				CLANG_WARN_UNGUARDED_AVAILABILITY = YES_AGGRESSIVE;
				CLANG_WARN_UNREACHABLE_CODE = YES;
				CLANG_WARN__DUPLICATE_METHOD_MATCH = YES;
				COPY_PHASE_STRIP = NO;
				DEBUG_INFORMATION_FORMAT = "dwarf-with-dsym";
				ENABLE_NS_ASSERTIONS = NO;
				ENABLE_STRICT_OBJC_MSGSEND = YES;
				ENABLE_USER_SCRIPT_SANDBOXING = YES;
				GCC_C_LANGUAGE_STANDARD = gnu17;
				GCC_NO_COMMON_BLOCKS = YES;
				GCC_WARN_64_TO_32_BIT_CONVERSION = YES;
				GCC_WARN_ABOUT_RETURN_TYPE = YES_ERROR;
				GCC_WARN_UNDECLARED_SELECTOR = YES;
				GCC_WARN_UNINITIALIZED_AUTOS = YES_AGGRESSIVE;
				GCC_WARN_UNUSED_FUNCTION = YES;
				GCC_WARN_UNUSED_VARIABLE = YES;
				IPHONEOS_DEPLOYMENT_TARGET = 17.0;
				LOCALIZATION_PREFERS_STRING_CATALOGS = YES;
				MTL_ENABLE_DEBUG_INFO = NO;
				MTL_FAST_MATH = YES;
				SDKROOT = iphoneos;
				SWIFT_COMPILATION_MODE = wholemodule;
				VALIDATE_PRODUCT = YES;
			};
			name = Release;
		};
		3D0645832BDF239C00EF9AA3 /* Debug */ = {
			isa = XCBuildConfiguration;
			buildSettings = {
				ASSETCATALOG_COMPILER_APPICON_NAME = AppIcon;
				ASSETCATALOG_COMPILER_GLOBAL_ACCENT_COLOR_NAME = AccentColor;
				CODE_SIGN_STYLE = Automatic;
				CURRENT_PROJECT_VERSION = 1;
				DEVELOPMENT_ASSET_PATHS = "\"Landmarks/Preview Content\"";
				DEVELOPMENT_TEAM = 67Z3VQ7UFX;
				ENABLE_PREVIEWS = YES;
				GENERATE_INFOPLIST_FILE = YES;
				INFOPLIST_KEY_UIApplicationSceneManifest_Generation = YES;
				INFOPLIST_KEY_UIApplicationSupportsIndirectInputEvents = YES;
				INFOPLIST_KEY_UILaunchScreen_Generation = YES;
				INFOPLIST_KEY_UISupportedInterfaceOrientations_iPad = "UIInterfaceOrientationPortrait UIInterfaceOrientationPortraitUpsideDown UIInterfaceOrientationLandscapeLeft UIInterfaceOrientationLandscapeRight";
				INFOPLIST_KEY_UISupportedInterfaceOrientations_iPhone = "UIInterfaceOrientationPortrait UIInterfaceOrientationLandscapeLeft UIInterfaceOrientationLandscapeRight";
				LD_RUNPATH_SEARCH_PATHS = (
					"$(inherited)",
					"@executable_path/Frameworks",
				);
				MARKETING_VERSION = 1.0;
				PRODUCT_BUNDLE_IDENTIFIER = com.example.Landmarks;
				PRODUCT_NAME = "$(TARGET_NAME)";
				SWIFT_EMIT_LOC_STRINGS = YES;
				SWIFT_VERSION = 5.0;
				TARGETED_DEVICE_FAMILY = "1,2";
			};
			name = Debug;
		};
		3D0645842BDF239C00EF9AA3 /* Release */ = {
			isa = XCBuildConfiguration;
			buildSettings = {
				ASSETCATALOG_COMPILER_APPICON_NAME = AppIcon;
				ASSETCATALOG_COMPILER_GLOBAL_ACCENT_COLOR_NAME = AccentColor;
				CODE_SIGN_STYLE = Automatic;
				CURRENT_PROJECT_VERSION = 1;
				DEVELOPMENT_ASSET_PATHS = "\"Landmarks/Preview Content\"";
				DEVELOPMENT_TEAM = 67Z3VQ7UFX;
				ENABLE_PREVIEWS = YES;
				GENERATE_INFOPLIST_FILE = YES;
				INFOPLIST_KEY_UIApplicationSceneManifest_Generation = YES;
				INFOPLIST_KEY_UIApplicationSupportsIndirectInputEvents = YES;
				INFOPLIST_KEY_UILaunchScreen_Generation = YES;
				INFOPLIST_KEY_UISupportedInterfaceOrientations_iPad = "UIInterfaceOrientationPortrait UIInterfaceOrientationPortraitUpsideDown UIInterfaceOrientationLandscapeLeft UIInterfaceOrientationLandscapeRight";
				INFOPLIST_KEY_UISupportedInterfaceOrientations_iPhone = "UIInterfaceOrientationPortrait UIInterfaceOrientationLandscapeLeft UIInterfaceOrientationLandscapeRight";
				LD_RUNPATH_SEARCH_PATHS = (
					"$(inherited)",
					"@executable_path/Frameworks",
				);
				MARKETING_VERSION = 1.0;
				PRODUCT_BUNDLE_IDENTIFIER = com.example.Landmarks;
				PRODUCT_NAME = "$(TARGET_NAME)";
				SWIFT_EMIT_LOC_STRINGS = YES;
				SWIFT_VERSION = 5.0;
				TARGETED_DEVICE_FAMILY = "1,2";
			};
			name = Release;
		};
/* End XCBuildConfiguration section */

/* Begin XCConfigurationList section */
		3D06456F2BDF239900EF9AA3 /* Build configuration list for PBXProject "Landmarks" */ = {
			isa = XCConfigurationList;
			buildConfigurations = (
				3D0645802BDF239C00EF9AA3 /* Debug */,
				3D0645812BDF239C00EF9AA3 /* Release */,
			);
			defaultConfigurationIsVisible = 0;
			defaultConfigurationName = Release;
		};
		3D0645822BDF239C00EF9AA3 /* Build configuration list for PBXNativeTarget "Landmarks" */ = {
			isa = XCConfigurationList;
			buildConfigurations = (
				3D0645832BDF239C00EF9AA3 /* Debug */,
				3D0645842BDF239C00EF9AA3 /* Release */,
			);
			defaultConfigurationIsVisible = 0;
			defaultConfigurationName = Release;
		};
/* End XCConfigurationList section */
	};
	rootObject = 3D06456C2BDF239900EF9AA3 /* Project object */;
}
